
Microsoft Visual Studio Solution File, Format Version 12.00
# Visual Studio Version 17
VisualStudioVersion = 17.10.35027.167
MinimumVisualStudioVersion = 10.0.40219.1
Project("{FAE04EC0-301F-11D3-BF4B-00C04F79EFBC}") = "TIThird", "TIThird\TIThird.csproj", "{038464B5-5BB8-42FE-9B45-A53782AE89E7}"
EndProject
Global
	GlobalSection(SolutionConfigurationPlatforms) = preSolution
		Debug|Any CPU = Debug|Any CPU
		Release|Any CPU = Release|Any CPU
	EndGlobalSection
	GlobalSection(ProjectConfigurationPlatforms) = postSolution
		{038464B5-5BB8-42FE-9B45-A53782AE89E7}.Debug|Any CPU.ActiveCfg = Debug|Any CPU
		{038464B5-5BB8-42FE-9B45-A53782AE89E7}.Debug|Any CPU.Build.0 = Debug|Any CPU
		{038464B5-5BB8-42FE-9B45-A53782AE89E7}.Release|Any CPU.ActiveCfg = Release|Any CPU
		{038464B5-5BB8-42FE-9B45-A53782AE89E7}.Release|Any CPU.Build.0 = Release|Any CPU
	EndGlobalSection
	GlobalSection(SolutionProperties) = preSolution
		HideSolutionNode = FALSE
	EndGlobalSection
	GlobalSection(ExtensibilityGlobals) = postSolution
		SolutionGuid = {A4576D18-6AD8-46C5-B211-09D48C460565}
	EndGlobalSection
EndGlobal
